
Microsoft Visual Studio Solution File, Format Version 12.00
# Visual Studio 2013
VisualStudioVersion = 12.0.30501.0
MinimumVisualStudioVersion = 10.0.40219.1
Project("{FAE04EC0-301F-11D3-BF4B-00C04F79EFBC}") = "2015-3003-1BIM-ListaEncadeada", "2015-3003-1BIM-ListaEncadeada\2015-3003-1BIM-ListaEncadeada.csproj", "{C962DFCD-D2CE-4543-A8D7-8A63387D3D90}"
EndProject
Global
	GlobalSection(SolutionConfigurationPlatforms) = preSolution
		Debug|Any CPU = Debug|Any CPU
		Release|Any CPU = Release|Any CPU
	EndGlobalSection
	GlobalSection(ProjectConfigurationPlatforms) = postSolution
		{C962DFCD-D2CE-4543-A8D7-8A63387D3D90}.Debug|Any CPU.ActiveCfg = Debug|Any CPU
		{C962DFCD-D2CE-4543-A8D7-8A63387D3D90}.Debug|Any CPU.Build.0 = Debug|Any CPU
		{C962DFCD-D2CE-4543-A8D7-8A63387D3D90}.Release|Any CPU.ActiveCfg = Release|Any CPU
		{C962DFCD-D2CE-4543-A8D7-8A63387D3D90}.Release|Any CPU.Build.0 = Release|Any CPU
	EndGlobalSection
	GlobalSection(SolutionProperties) = preSolution
		HideSolutionNode = FALSE
	EndGlobalSection
EndGlobal
